
Microsoft Visual Studio Solution File, Format Version 12.00
# Visual Studio 15
VisualStudioVersion = 15.0.27130.2036
MinimumVisualStudioVersion = 10.0.40219.1
Project("{FAE04EC0-301F-11D3-BF4B-00C04F79EFBC}") = "JadenCasingStrings", "JadenCasingStrings\JadenCasingStrings.csproj", "{D0DA7726-2D3B-412B-AAC0-7754118E5655}"
EndProject
Global
	GlobalSection(SolutionConfigurationPlatforms) = preSolution
		Debug|Any CPU = Debug|Any CPU
		Release|Any CPU = Release|Any CPU
	EndGlobalSection
	GlobalSection(ProjectConfigurationPlatforms) = postSolution
		{D0DA7726-2D3B-412B-AAC0-7754118E5655}.Debug|Any CPU.ActiveCfg = Debug|Any CPU
		{D0DA7726-2D3B-412B-AAC0-7754118E5655}.Debug|Any CPU.Build.0 = Debug|Any CPU
		{D0DA7726-2D3B-412B-AAC0-7754118E5655}.Release|Any CPU.ActiveCfg = Release|Any CPU
		{D0DA7726-2D3B-412B-AAC0-7754118E5655}.Release|Any CPU.Build.0 = Release|Any CPU
	EndGlobalSection
	GlobalSection(SolutionProperties) = preSolution
		HideSolutionNode = FALSE
	EndGlobalSection
	GlobalSection(ExtensibilityGlobals) = postSolution
		SolutionGuid = {58F36A4B-2B09-423F-8B8E-F21DC59DB024}
	EndGlobalSection
EndGlobal
