
Microsoft Visual Studio Solution File, Format Version 12.00
# Visual Studio 15
VisualStudioVersion = 15.0.27130.2036
MinimumVisualStudioVersion = 10.0.40219.1
Project("{FAE04EC0-301F-11D3-BF4B-00C04F79EFBC}") = "Create Diamond", "Create Diamond\Create Diamond.csproj", "{68BE2A7C-AFE0-4C7C-AD96-A4F4218F52D3}"
EndProject
Global
	GlobalSection(SolutionConfigurationPlatforms) = preSolution
		Debug|Any CPU = Debug|Any CPU
		Release|Any CPU = Release|Any CPU
	EndGlobalSection
	GlobalSection(ProjectConfigurationPlatforms) = postSolution
		{68BE2A7C-AFE0-4C7C-AD96-A4F4218F52D3}.Debug|Any CPU.ActiveCfg = Debug|Any CPU
		{68BE2A7C-AFE0-4C7C-AD96-A4F4218F52D3}.Debug|Any CPU.Build.0 = Debug|Any CPU
		{68BE2A7C-AFE0-4C7C-AD96-A4F4218F52D3}.Release|Any CPU.ActiveCfg = Release|Any CPU
		{68BE2A7C-AFE0-4C7C-AD96-A4F4218F52D3}.Release|Any CPU.Build.0 = Release|Any CPU
	EndGlobalSection
	GlobalSection(SolutionProperties) = preSolution
		HideSolutionNode = FALSE
	EndGlobalSection
	GlobalSection(ExtensibilityGlobals) = postSolution
		SolutionGuid = {2A40C9E9-CA33-4BD5-A672-CF7D91D1824B}
	EndGlobalSection
EndGlobal
