
Microsoft Visual Studio Solution File, Format Version 12.00
# Visual Studio 15
VisualStudioVersion = 15.0.27703.2026
MinimumVisualStudioVersion = 10.0.40219.1
Project("{9A19103F-16F7-4668-BE54-9A1E7A4F7556}") = "ReverseLinkedList", "ReverseLinkedList\ReverseLinkedList.csproj", "{7E44E138-3AE1-41FA-8B14-7A118F2ED7F7}"
EndProject
Global
	GlobalSection(SolutionConfigurationPlatforms) = preSolution
		Debug|Any CPU = Debug|Any CPU
		Release|Any CPU = Release|Any CPU
	EndGlobalSection
	GlobalSection(ProjectConfigurationPlatforms) = postSolution
		{7E44E138-3AE1-41FA-8B14-7A118F2ED7F7}.Debug|Any CPU.ActiveCfg = Debug|Any CPU
		{7E44E138-3AE1-41FA-8B14-7A118F2ED7F7}.Debug|Any CPU.Build.0 = Debug|Any CPU
		{7E44E138-3AE1-41FA-8B14-7A118F2ED7F7}.Release|Any CPU.ActiveCfg = Release|Any CPU
		{7E44E138-3AE1-41FA-8B14-7A118F2ED7F7}.Release|Any CPU.Build.0 = Release|Any CPU
	EndGlobalSection
	GlobalSection(SolutionProperties) = preSolution
		HideSolutionNode = FALSE
	EndGlobalSection
	GlobalSection(ExtensibilityGlobals) = postSolution
		SolutionGuid = {C7A554B0-3F98-4C2C-A7D7-505630EF8CDD}
	EndGlobalSection
EndGlobal
