
Microsoft Visual Studio Solution File, Format Version 12.00
# Visual Studio 15
VisualStudioVersion = 15.0.27130.2036
MinimumVisualStudioVersion = 10.0.40219.1
Project("{FAE04EC0-301F-11D3-BF4B-00C04F79EFBC}") = "FindTheUniqueNumber", "FindTheUniqueNumber\FindTheUniqueNumber.csproj", "{7B8CD45E-726E-44C0-A82D-755AD79950EC}"
EndProject
Global
	GlobalSection(SolutionConfigurationPlatforms) = preSolution
		Debug|Any CPU = Debug|Any CPU
		Release|Any CPU = Release|Any CPU
	EndGlobalSection
	GlobalSection(ProjectConfigurationPlatforms) = postSolution
		{7B8CD45E-726E-44C0-A82D-755AD79950EC}.Debug|Any CPU.ActiveCfg = Debug|Any CPU
		{7B8CD45E-726E-44C0-A82D-755AD79950EC}.Debug|Any CPU.Build.0 = Debug|Any CPU
		{7B8CD45E-726E-44C0-A82D-755AD79950EC}.Release|Any CPU.ActiveCfg = Release|Any CPU
		{7B8CD45E-726E-44C0-A82D-755AD79950EC}.Release|Any CPU.Build.0 = Release|Any CPU
	EndGlobalSection
	GlobalSection(SolutionProperties) = preSolution
		HideSolutionNode = FALSE
	EndGlobalSection
	GlobalSection(ExtensibilityGlobals) = postSolution
		SolutionGuid = {BDAC7DCD-B5B8-4286-B839-6879C9F71867}
	EndGlobalSection
EndGlobal
