
Microsoft Visual Studio Solution File, Format Version 12.00
# Visual Studio 15
VisualStudioVersion = 15.0.27130.2036
MinimumVisualStudioVersion = 10.0.40219.1
Project("{FAE04EC0-301F-11D3-BF4B-00C04F79EFBC}") = "ConvertALinkedListToAString", "ConvertALinkedListToAString\ConvertALinkedListToAString.csproj", "{73663FB5-AE38-47E9-8D76-F103D597C7BC}"
EndProject
Global
	GlobalSection(SolutionConfigurationPlatforms) = preSolution
		Debug|Any CPU = Debug|Any CPU
		Release|Any CPU = Release|Any CPU
	EndGlobalSection
	GlobalSection(ProjectConfigurationPlatforms) = postSolution
		{73663FB5-AE38-47E9-8D76-F103D597C7BC}.Debug|Any CPU.ActiveCfg = Debug|Any CPU
		{73663FB5-AE38-47E9-8D76-F103D597C7BC}.Debug|Any CPU.Build.0 = Debug|Any CPU
		{73663FB5-AE38-47E9-8D76-F103D597C7BC}.Release|Any CPU.ActiveCfg = Release|Any CPU
		{73663FB5-AE38-47E9-8D76-F103D597C7BC}.Release|Any CPU.Build.0 = Release|Any CPU
	EndGlobalSection
	GlobalSection(SolutionProperties) = preSolution
		HideSolutionNode = FALSE
	EndGlobalSection
	GlobalSection(ExtensibilityGlobals) = postSolution
		SolutionGuid = {B14F1D1C-E125-4CF4-80A2-C22091B0E9F8}
	EndGlobalSection
EndGlobal
