
Microsoft Visual Studio Solution File, Format Version 12.00
# Visual Studio 15
VisualStudioVersion = 15.0.27130.2036
MinimumVisualStudioVersion = 10.0.40219.1
Project("{FAE04EC0-301F-11D3-BF4B-00C04F79EFBC}") = "FindTheMissingLetter", "FindTheMissingLetter\FindTheMissingLetter.csproj", "{718CD9D7-2FE4-4DB5-9219-66E9CC42B74F}"
EndProject
Global
	GlobalSection(SolutionConfigurationPlatforms) = preSolution
		Debug|Any CPU = Debug|Any CPU
		Release|Any CPU = Release|Any CPU
	EndGlobalSection
	GlobalSection(ProjectConfigurationPlatforms) = postSolution
		{718CD9D7-2FE4-4DB5-9219-66E9CC42B74F}.Debug|Any CPU.ActiveCfg = Debug|Any CPU
		{718CD9D7-2FE4-4DB5-9219-66E9CC42B74F}.Debug|Any CPU.Build.0 = Debug|Any CPU
		{718CD9D7-2FE4-4DB5-9219-66E9CC42B74F}.Release|Any CPU.ActiveCfg = Release|Any CPU
		{718CD9D7-2FE4-4DB5-9219-66E9CC42B74F}.Release|Any CPU.Build.0 = Release|Any CPU
	EndGlobalSection
	GlobalSection(SolutionProperties) = preSolution
		HideSolutionNode = FALSE
	EndGlobalSection
	GlobalSection(ExtensibilityGlobals) = postSolution
		SolutionGuid = {CE7715BB-DABF-42D4-B05C-2D0E539D52C9}
	EndGlobalSection
EndGlobal
