
Microsoft Visual Studio Solution File, Format Version 12.00
# Visual Studio 15
VisualStudioVersion = 15.0.27130.2036
MinimumVisualStudioVersion = 10.0.40219.1
Project("{FAE04EC0-301F-11D3-BF4B-00C04F79EFBC}") = "DescendingOrder", "DescendingOrder\DescendingOrder.csproj", "{90FC93A8-DF92-4F9F-B319-83E0F8188D6C}"
EndProject
Global
	GlobalSection(SolutionConfigurationPlatforms) = preSolution
		Debug|Any CPU = Debug|Any CPU
		Release|Any CPU = Release|Any CPU
	EndGlobalSection
	GlobalSection(ProjectConfigurationPlatforms) = postSolution
		{90FC93A8-DF92-4F9F-B319-83E0F8188D6C}.Debug|Any CPU.ActiveCfg = Debug|Any CPU
		{90FC93A8-DF92-4F9F-B319-83E0F8188D6C}.Debug|Any CPU.Build.0 = Debug|Any CPU
		{90FC93A8-DF92-4F9F-B319-83E0F8188D6C}.Release|Any CPU.ActiveCfg = Release|Any CPU
		{90FC93A8-DF92-4F9F-B319-83E0F8188D6C}.Release|Any CPU.Build.0 = Release|Any CPU
	EndGlobalSection
	GlobalSection(SolutionProperties) = preSolution
		HideSolutionNode = FALSE
	EndGlobalSection
	GlobalSection(ExtensibilityGlobals) = postSolution
		SolutionGuid = {DFF8EE6C-4F88-4E4D-AFC2-AE5AA962A5F0}
	EndGlobalSection
EndGlobal
