
Microsoft Visual Studio Solution File, Format Version 12.00
# Visual Studio 15
VisualStudioVersion = 15.0.27130.2036
MinimumVisualStudioVersion = 10.0.40219.1
Project("{FAE04EC0-301F-11D3-BF4B-00C04F79EFBC}") = "SumOfPositive", "SumOfPositive\SumOfPositive.csproj", "{E42433C0-F3E4-4C9F-85CC-33721E1F06D9}"
EndProject
Global
	GlobalSection(SolutionConfigurationPlatforms) = preSolution
		Debug|Any CPU = Debug|Any CPU
		Release|Any CPU = Release|Any CPU
	EndGlobalSection
	GlobalSection(ProjectConfigurationPlatforms) = postSolution
		{E42433C0-F3E4-4C9F-85CC-33721E1F06D9}.Debug|Any CPU.ActiveCfg = Debug|Any CPU
		{E42433C0-F3E4-4C9F-85CC-33721E1F06D9}.Debug|Any CPU.Build.0 = Debug|Any CPU
		{E42433C0-F3E4-4C9F-85CC-33721E1F06D9}.Release|Any CPU.ActiveCfg = Release|Any CPU
		{E42433C0-F3E4-4C9F-85CC-33721E1F06D9}.Release|Any CPU.Build.0 = Release|Any CPU
	EndGlobalSection
	GlobalSection(SolutionProperties) = preSolution
		HideSolutionNode = FALSE
	EndGlobalSection
	GlobalSection(ExtensibilityGlobals) = postSolution
		SolutionGuid = {90402954-AB8D-4FA1-B247-70ED3FB25A9A}
	EndGlobalSection
EndGlobal
