
Microsoft Visual Studio Solution File, Format Version 12.00
# Visual Studio 15
VisualStudioVersion = 15.0.27130.2036
MinimumVisualStudioVersion = 10.0.40219.1
Project("{FAE04EC0-301F-11D3-BF4B-00C04F79EFBC}") = "Sort array by string length", "Sort array by string length\Sort array by string length.csproj", "{55D0E16B-CC23-4A58-8FB6-9C9329BE44E1}"
EndProject
Global
	GlobalSection(SolutionConfigurationPlatforms) = preSolution
		Debug|Any CPU = Debug|Any CPU
		Release|Any CPU = Release|Any CPU
	EndGlobalSection
	GlobalSection(ProjectConfigurationPlatforms) = postSolution
		{55D0E16B-CC23-4A58-8FB6-9C9329BE44E1}.Debug|Any CPU.ActiveCfg = Debug|Any CPU
		{55D0E16B-CC23-4A58-8FB6-9C9329BE44E1}.Debug|Any CPU.Build.0 = Debug|Any CPU
		{55D0E16B-CC23-4A58-8FB6-9C9329BE44E1}.Release|Any CPU.ActiveCfg = Release|Any CPU
		{55D0E16B-CC23-4A58-8FB6-9C9329BE44E1}.Release|Any CPU.Build.0 = Release|Any CPU
	EndGlobalSection
	GlobalSection(SolutionProperties) = preSolution
		HideSolutionNode = FALSE
	EndGlobalSection
	GlobalSection(ExtensibilityGlobals) = postSolution
		SolutionGuid = {443EC65A-6BEB-4C14-A719-833B9C5CA51C}
	EndGlobalSection
EndGlobal
