
Microsoft Visual Studio Solution File, Format Version 12.00
# Visual Studio 15
VisualStudioVersion = 15.0.27130.2036
MinimumVisualStudioVersion = 10.0.40219.1
Project("{FAE04EC0-301F-11D3-BF4B-00C04F79EFBC}") = "AddLength", "AddLength\AddLength.csproj", "{67F80163-CA53-4AD5-86EB-4523A72D81EE}"
EndProject
Global
	GlobalSection(SolutionConfigurationPlatforms) = preSolution
		Debug|Any CPU = Debug|Any CPU
		Release|Any CPU = Release|Any CPU
	EndGlobalSection
	GlobalSection(ProjectConfigurationPlatforms) = postSolution
		{67F80163-CA53-4AD5-86EB-4523A72D81EE}.Debug|Any CPU.ActiveCfg = Debug|Any CPU
		{67F80163-CA53-4AD5-86EB-4523A72D81EE}.Debug|Any CPU.Build.0 = Debug|Any CPU
		{67F80163-CA53-4AD5-86EB-4523A72D81EE}.Release|Any CPU.ActiveCfg = Release|Any CPU
		{67F80163-CA53-4AD5-86EB-4523A72D81EE}.Release|Any CPU.Build.0 = Release|Any CPU
	EndGlobalSection
	GlobalSection(SolutionProperties) = preSolution
		HideSolutionNode = FALSE
	EndGlobalSection
	GlobalSection(ExtensibilityGlobals) = postSolution
		SolutionGuid = {7F71472F-B221-4B65-8B69-78B72B29CEC1}
	EndGlobalSection
EndGlobal
