
Microsoft Visual Studio Solution File, Format Version 12.00
# Visual Studio 15
VisualStudioVersion = 15.0.27703.2042
MinimumVisualStudioVersion = 10.0.40219.1
Project("{FAE04EC0-301F-11D3-BF4B-00C04F79EFBC}") = "RemoveDups", "RemoveDups\RemoveDups.csproj", "{AF62BE64-7362-44E2-82E2-4A47EAB37BA9}"
EndProject
Global
	GlobalSection(SolutionConfigurationPlatforms) = preSolution
		Debug|Any CPU = Debug|Any CPU
		Release|Any CPU = Release|Any CPU
	EndGlobalSection
	GlobalSection(ProjectConfigurationPlatforms) = postSolution
		{AF62BE64-7362-44E2-82E2-4A47EAB37BA9}.Debug|Any CPU.ActiveCfg = Debug|Any CPU
		{AF62BE64-7362-44E2-82E2-4A47EAB37BA9}.Debug|Any CPU.Build.0 = Debug|Any CPU
		{AF62BE64-7362-44E2-82E2-4A47EAB37BA9}.Release|Any CPU.ActiveCfg = Release|Any CPU
		{AF62BE64-7362-44E2-82E2-4A47EAB37BA9}.Release|Any CPU.Build.0 = Release|Any CPU
	EndGlobalSection
	GlobalSection(SolutionProperties) = preSolution
		HideSolutionNode = FALSE
	EndGlobalSection
	GlobalSection(ExtensibilityGlobals) = postSolution
		SolutionGuid = {B366387B-123C-4B36-AB40-F104CF27868B}
	EndGlobalSection
EndGlobal
