
Microsoft Visual Studio Solution File, Format Version 12.00
# Visual Studio 15
VisualStudioVersion = 15.0.27130.2036
MinimumVisualStudioVersion = 10.0.40219.1
Project("{FAE04EC0-301F-11D3-BF4B-00C04F79EFBC}") = "SplitTheString", "SplitTheString\SplitTheString.csproj", "{C5D05D56-5D9B-4883-A301-51ED4BAC8489}"
EndProject
Global
	GlobalSection(SolutionConfigurationPlatforms) = preSolution
		Debug|Any CPU = Debug|Any CPU
		Release|Any CPU = Release|Any CPU
	EndGlobalSection
	GlobalSection(ProjectConfigurationPlatforms) = postSolution
		{C5D05D56-5D9B-4883-A301-51ED4BAC8489}.Debug|Any CPU.ActiveCfg = Debug|Any CPU
		{C5D05D56-5D9B-4883-A301-51ED4BAC8489}.Debug|Any CPU.Build.0 = Debug|Any CPU
		{C5D05D56-5D9B-4883-A301-51ED4BAC8489}.Release|Any CPU.ActiveCfg = Release|Any CPU
		{C5D05D56-5D9B-4883-A301-51ED4BAC8489}.Release|Any CPU.Build.0 = Release|Any CPU
	EndGlobalSection
	GlobalSection(SolutionProperties) = preSolution
		HideSolutionNode = FALSE
	EndGlobalSection
	GlobalSection(ExtensibilityGlobals) = postSolution
		SolutionGuid = {E140EE50-A0D6-4318-B822-3F662EB4F707}
	EndGlobalSection
EndGlobal
