
Microsoft Visual Studio Solution File, Format Version 12.00
# Visual Studio 15
VisualStudioVersion = 15.0.27130.2036
MinimumVisualStudioVersion = 10.0.40219.1
Project("{FAE04EC0-301F-11D3-BF4B-00C04F79EFBC}") = "DuplicateEncoder", "DuplicateEncoder\DuplicateEncoder.csproj", "{D8C1C5A1-C87D-4430-946C-A2C07C3DCD9C}"
EndProject
Global
	GlobalSection(SolutionConfigurationPlatforms) = preSolution
		Debug|Any CPU = Debug|Any CPU
		Release|Any CPU = Release|Any CPU
	EndGlobalSection
	GlobalSection(ProjectConfigurationPlatforms) = postSolution
		{D8C1C5A1-C87D-4430-946C-A2C07C3DCD9C}.Debug|Any CPU.ActiveCfg = Debug|Any CPU
		{D8C1C5A1-C87D-4430-946C-A2C07C3DCD9C}.Debug|Any CPU.Build.0 = Debug|Any CPU
		{D8C1C5A1-C87D-4430-946C-A2C07C3DCD9C}.Release|Any CPU.ActiveCfg = Release|Any CPU
		{D8C1C5A1-C87D-4430-946C-A2C07C3DCD9C}.Release|Any CPU.Build.0 = Release|Any CPU
	EndGlobalSection
	GlobalSection(SolutionProperties) = preSolution
		HideSolutionNode = FALSE
	EndGlobalSection
	GlobalSection(ExtensibilityGlobals) = postSolution
		SolutionGuid = {4E5B415B-5080-478A-AD09-531A1F8C6B3C}
	EndGlobalSection
EndGlobal
