
Microsoft Visual Studio Solution File, Format Version 12.00
# Visual Studio 15
VisualStudioVersion = 15.0.27130.2036
MinimumVisualStudioVersion = 10.0.40219.1
Project("{FAE04EC0-301F-11D3-BF4B-00C04F79EFBC}") = "IQ test", "IQ test\IQ test.csproj", "{78792CD2-0DDA-48FF-ABB4-0E0916686833}"
EndProject
Global
	GlobalSection(SolutionConfigurationPlatforms) = preSolution
		Debug|Any CPU = Debug|Any CPU
		Release|Any CPU = Release|Any CPU
	EndGlobalSection
	GlobalSection(ProjectConfigurationPlatforms) = postSolution
		{78792CD2-0DDA-48FF-ABB4-0E0916686833}.Debug|Any CPU.ActiveCfg = Debug|Any CPU
		{78792CD2-0DDA-48FF-ABB4-0E0916686833}.Debug|Any CPU.Build.0 = Debug|Any CPU
		{78792CD2-0DDA-48FF-ABB4-0E0916686833}.Release|Any CPU.ActiveCfg = Release|Any CPU
		{78792CD2-0DDA-48FF-ABB4-0E0916686833}.Release|Any CPU.Build.0 = Release|Any CPU
	EndGlobalSection
	GlobalSection(SolutionProperties) = preSolution
		HideSolutionNode = FALSE
	EndGlobalSection
	GlobalSection(ExtensibilityGlobals) = postSolution
		SolutionGuid = {4D06F194-1272-4D15-9FD1-0D645DE466B4}
	EndGlobalSection
EndGlobal
