
Microsoft Visual Studio Solution File, Format Version 12.00
# Visual Studio 15
VisualStudioVersion = 15.0.27703.2042
MinimumVisualStudioVersion = 10.0.40219.1
Project("{FAE04EC0-301F-11D3-BF4B-00C04F79EFBC}") = "BinaryTreeInorderTraversal", "BinaryTreeInorderTraversal\BinaryTreeInorderTraversal.csproj", "{C80D495C-5697-4B6E-B5D0-98774E052A17}"
EndProject
Global
	GlobalSection(SolutionConfigurationPlatforms) = preSolution
		Debug|Any CPU = Debug|Any CPU
		Release|Any CPU = Release|Any CPU
	EndGlobalSection
	GlobalSection(ProjectConfigurationPlatforms) = postSolution
		{C80D495C-5697-4B6E-B5D0-98774E052A17}.Debug|Any CPU.ActiveCfg = Debug|Any CPU
		{C80D495C-5697-4B6E-B5D0-98774E052A17}.Debug|Any CPU.Build.0 = Debug|Any CPU
		{C80D495C-5697-4B6E-B5D0-98774E052A17}.Release|Any CPU.ActiveCfg = Release|Any CPU
		{C80D495C-5697-4B6E-B5D0-98774E052A17}.Release|Any CPU.Build.0 = Release|Any CPU
	EndGlobalSection
	GlobalSection(SolutionProperties) = preSolution
		HideSolutionNode = FALSE
	EndGlobalSection
	GlobalSection(ExtensibilityGlobals) = postSolution
		SolutionGuid = {BA990F00-4938-4757-B775-274896A13CC1}
	EndGlobalSection
EndGlobal
