
Microsoft Visual Studio Solution File, Format Version 12.00
# Visual Studio 15
VisualStudioVersion = 15.0.27130.2036
MinimumVisualStudioVersion = 10.0.40219.1
Project("{FAE04EC0-301F-11D3-BF4B-00C04F79EFBC}") = "FormTheMinimum", "FormTheMinimum\FormTheMinimum.csproj", "{69B73429-5F35-4BFB-BBF9-0E1B2057FCBA}"
EndProject
Global
	GlobalSection(SolutionConfigurationPlatforms) = preSolution
		Debug|Any CPU = Debug|Any CPU
		Release|Any CPU = Release|Any CPU
	EndGlobalSection
	GlobalSection(ProjectConfigurationPlatforms) = postSolution
		{69B73429-5F35-4BFB-BBF9-0E1B2057FCBA}.Debug|Any CPU.ActiveCfg = Debug|Any CPU
		{69B73429-5F35-4BFB-BBF9-0E1B2057FCBA}.Debug|Any CPU.Build.0 = Debug|Any CPU
		{69B73429-5F35-4BFB-BBF9-0E1B2057FCBA}.Release|Any CPU.ActiveCfg = Release|Any CPU
		{69B73429-5F35-4BFB-BBF9-0E1B2057FCBA}.Release|Any CPU.Build.0 = Release|Any CPU
	EndGlobalSection
	GlobalSection(SolutionProperties) = preSolution
		HideSolutionNode = FALSE
	EndGlobalSection
	GlobalSection(ExtensibilityGlobals) = postSolution
		SolutionGuid = {472E7BC8-5730-477D-B74A-5DD1D942AD86}
	EndGlobalSection
EndGlobal
