
Microsoft Visual Studio Solution File, Format Version 12.00
# Visual Studio 15
VisualStudioVersion = 15.0.27130.2036
MinimumVisualStudioVersion = 10.0.40219.1
Project("{FAE04EC0-301F-11D3-BF4B-00C04F79EFBC}") = "Odd or Even", "Odd or Even\Odd or Even.csproj", "{448DC45D-9549-454B-BCA5-07A1CA3D96A1}"
EndProject
Global
	GlobalSection(SolutionConfigurationPlatforms) = preSolution
		Debug|Any CPU = Debug|Any CPU
		Release|Any CPU = Release|Any CPU
	EndGlobalSection
	GlobalSection(ProjectConfigurationPlatforms) = postSolution
		{448DC45D-9549-454B-BCA5-07A1CA3D96A1}.Debug|Any CPU.ActiveCfg = Debug|Any CPU
		{448DC45D-9549-454B-BCA5-07A1CA3D96A1}.Debug|Any CPU.Build.0 = Debug|Any CPU
		{448DC45D-9549-454B-BCA5-07A1CA3D96A1}.Release|Any CPU.ActiveCfg = Release|Any CPU
		{448DC45D-9549-454B-BCA5-07A1CA3D96A1}.Release|Any CPU.Build.0 = Release|Any CPU
	EndGlobalSection
	GlobalSection(SolutionProperties) = preSolution
		HideSolutionNode = FALSE
	EndGlobalSection
	GlobalSection(ExtensibilityGlobals) = postSolution
		SolutionGuid = {217A3176-059D-4070-8554-FE7EF8E97FAF}
	EndGlobalSection
EndGlobal
