
Microsoft Visual Studio Solution File, Format Version 12.00
# Visual Studio 15
VisualStudioVersion = 15.0.27703.2042
MinimumVisualStudioVersion = 10.0.40219.1
Project("{FAE04EC0-301F-11D3-BF4B-00C04F79EFBC}") = "OneAway", "OneAway\OneAway.csproj", "{4283A5A1-0A65-4F31-9F8B-4CE181E1D173}"
EndProject
Global
	GlobalSection(SolutionConfigurationPlatforms) = preSolution
		Debug|Any CPU = Debug|Any CPU
		Release|Any CPU = Release|Any CPU
	EndGlobalSection
	GlobalSection(ProjectConfigurationPlatforms) = postSolution
		{4283A5A1-0A65-4F31-9F8B-4CE181E1D173}.Debug|Any CPU.ActiveCfg = Debug|Any CPU
		{4283A5A1-0A65-4F31-9F8B-4CE181E1D173}.Debug|Any CPU.Build.0 = Debug|Any CPU
		{4283A5A1-0A65-4F31-9F8B-4CE181E1D173}.Release|Any CPU.ActiveCfg = Release|Any CPU
		{4283A5A1-0A65-4F31-9F8B-4CE181E1D173}.Release|Any CPU.Build.0 = Release|Any CPU
	EndGlobalSection
	GlobalSection(SolutionProperties) = preSolution
		HideSolutionNode = FALSE
	EndGlobalSection
	GlobalSection(ExtensibilityGlobals) = postSolution
		SolutionGuid = {E299F4CC-FF34-4F1C-81F6-32CED840972E}
	EndGlobalSection
EndGlobal
