
Microsoft Visual Studio Solution File, Format Version 12.00
# Visual Studio 15
VisualStudioVersion = 15.0.27130.2036
MinimumVisualStudioVersion = 10.0.40219.1
Project("{FAE04EC0-301F-11D3-BF4B-00C04F79EFBC}") = "Reverse Letter", "Reverse Letter\Reverse Letter.csproj", "{32FA03E8-7A46-4181-9542-05DEF007FE2A}"
EndProject
Global
	GlobalSection(SolutionConfigurationPlatforms) = preSolution
		Debug|Any CPU = Debug|Any CPU
		Release|Any CPU = Release|Any CPU
	EndGlobalSection
	GlobalSection(ProjectConfigurationPlatforms) = postSolution
		{32FA03E8-7A46-4181-9542-05DEF007FE2A}.Debug|Any CPU.ActiveCfg = Debug|Any CPU
		{32FA03E8-7A46-4181-9542-05DEF007FE2A}.Debug|Any CPU.Build.0 = Debug|Any CPU
		{32FA03E8-7A46-4181-9542-05DEF007FE2A}.Release|Any CPU.ActiveCfg = Release|Any CPU
		{32FA03E8-7A46-4181-9542-05DEF007FE2A}.Release|Any CPU.Build.0 = Release|Any CPU
	EndGlobalSection
	GlobalSection(SolutionProperties) = preSolution
		HideSolutionNode = FALSE
	EndGlobalSection
	GlobalSection(ExtensibilityGlobals) = postSolution
		SolutionGuid = {502A40C7-613F-4F44-97FE-1723C6732470}
	EndGlobalSection
EndGlobal
