
Microsoft Visual Studio Solution File, Format Version 12.00
# Visual Studio 15
VisualStudioVersion = 15.0.27703.2042
MinimumVisualStudioVersion = 10.0.40219.1
Project("{FAE04EC0-301F-11D3-BF4B-00C04F79EFBC}") = "ReturnKthToLast", "ReturnKthToLast\ReturnKthToLast.csproj", "{4761B98B-6F69-47B3-B595-B192D5EF5D8C}"
EndProject
Global
	GlobalSection(SolutionConfigurationPlatforms) = preSolution
		Debug|Any CPU = Debug|Any CPU
		Release|Any CPU = Release|Any CPU
	EndGlobalSection
	GlobalSection(ProjectConfigurationPlatforms) = postSolution
		{4761B98B-6F69-47B3-B595-B192D5EF5D8C}.Debug|Any CPU.ActiveCfg = Debug|Any CPU
		{4761B98B-6F69-47B3-B595-B192D5EF5D8C}.Debug|Any CPU.Build.0 = Debug|Any CPU
		{4761B98B-6F69-47B3-B595-B192D5EF5D8C}.Release|Any CPU.ActiveCfg = Release|Any CPU
		{4761B98B-6F69-47B3-B595-B192D5EF5D8C}.Release|Any CPU.Build.0 = Release|Any CPU
	EndGlobalSection
	GlobalSection(SolutionProperties) = preSolution
		HideSolutionNode = FALSE
	EndGlobalSection
	GlobalSection(ExtensibilityGlobals) = postSolution
		SolutionGuid = {76154D98-3AAD-494E-AA1D-D7725AAA7AC7}
	EndGlobalSection
EndGlobal
