
Microsoft Visual Studio Solution File, Format Version 12.00
# Visual Studio 15
VisualStudioVersion = 15.0.27703.2042
MinimumVisualStudioVersion = 10.0.40219.1
Project("{FAE04EC0-301F-11D3-BF4B-00C04F79EFBC}") = "Populating Next Right Pointers in Each Node", "Populating Next Right Pointers in Each Node\Populating Next Right Pointers in Each Node.csproj", "{168A8012-7290-423B-B0E8-3496B9FA7445}"
EndProject
Global
	GlobalSection(SolutionConfigurationPlatforms) = preSolution
		Debug|Any CPU = Debug|Any CPU
		Release|Any CPU = Release|Any CPU
	EndGlobalSection
	GlobalSection(ProjectConfigurationPlatforms) = postSolution
		{168A8012-7290-423B-B0E8-3496B9FA7445}.Debug|Any CPU.ActiveCfg = Debug|Any CPU
		{168A8012-7290-423B-B0E8-3496B9FA7445}.Debug|Any CPU.Build.0 = Debug|Any CPU
		{168A8012-7290-423B-B0E8-3496B9FA7445}.Release|Any CPU.ActiveCfg = Release|Any CPU
		{168A8012-7290-423B-B0E8-3496B9FA7445}.Release|Any CPU.Build.0 = Release|Any CPU
	EndGlobalSection
	GlobalSection(SolutionProperties) = preSolution
		HideSolutionNode = FALSE
	EndGlobalSection
	GlobalSection(ExtensibilityGlobals) = postSolution
		SolutionGuid = {A1680ADD-7049-48F7-841B-E50593F9DE13}
	EndGlobalSection
EndGlobal
