
Microsoft Visual Studio Solution File, Format Version 12.00
# Visual Studio 15
VisualStudioVersion = 15.0.27130.2036
MinimumVisualStudioVersion = 10.0.40219.1
Project("{FAE04EC0-301F-11D3-BF4B-00C04F79EFBC}") = "TheSuperMarketQueue", "TheSuperMarketQueue\TheSuperMarketQueue.csproj", "{4886DBBD-4D4D-4ECA-AC18-B6A9ECD4D806}"
EndProject
Global
	GlobalSection(SolutionConfigurationPlatforms) = preSolution
		Debug|Any CPU = Debug|Any CPU
		Release|Any CPU = Release|Any CPU
	EndGlobalSection
	GlobalSection(ProjectConfigurationPlatforms) = postSolution
		{4886DBBD-4D4D-4ECA-AC18-B6A9ECD4D806}.Debug|Any CPU.ActiveCfg = Debug|Any CPU
		{4886DBBD-4D4D-4ECA-AC18-B6A9ECD4D806}.Debug|Any CPU.Build.0 = Debug|Any CPU
		{4886DBBD-4D4D-4ECA-AC18-B6A9ECD4D806}.Release|Any CPU.ActiveCfg = Release|Any CPU
		{4886DBBD-4D4D-4ECA-AC18-B6A9ECD4D806}.Release|Any CPU.Build.0 = Release|Any CPU
	EndGlobalSection
	GlobalSection(SolutionProperties) = preSolution
		HideSolutionNode = FALSE
	EndGlobalSection
	GlobalSection(ExtensibilityGlobals) = postSolution
		SolutionGuid = {FB14A568-EBD8-4991-96AF-6A693A8A852E}
	EndGlobalSection
EndGlobal
