
Microsoft Visual Studio Solution File, Format Version 12.00
# Visual Studio 15
VisualStudioVersion = 15.0.27130.2036
MinimumVisualStudioVersion = 10.0.40219.1
Project("{FAE04EC0-301F-11D3-BF4B-00C04F79EFBC}") = "DictionaryMerge", "DictionaryMerge\DictionaryMerge.csproj", "{7FA53327-CD53-4CED-A6E6-0FE36B6F0CD8}"
EndProject
Global
	GlobalSection(SolutionConfigurationPlatforms) = preSolution
		Debug|Any CPU = Debug|Any CPU
		Release|Any CPU = Release|Any CPU
	EndGlobalSection
	GlobalSection(ProjectConfigurationPlatforms) = postSolution
		{7FA53327-CD53-4CED-A6E6-0FE36B6F0CD8}.Debug|Any CPU.ActiveCfg = Debug|Any CPU
		{7FA53327-CD53-4CED-A6E6-0FE36B6F0CD8}.Debug|Any CPU.Build.0 = Debug|Any CPU
		{7FA53327-CD53-4CED-A6E6-0FE36B6F0CD8}.Release|Any CPU.ActiveCfg = Release|Any CPU
		{7FA53327-CD53-4CED-A6E6-0FE36B6F0CD8}.Release|Any CPU.Build.0 = Release|Any CPU
	EndGlobalSection
	GlobalSection(SolutionProperties) = preSolution
		HideSolutionNode = FALSE
	EndGlobalSection
	GlobalSection(ExtensibilityGlobals) = postSolution
		SolutionGuid = {E0DAC6A4-1701-49DF-9110-EE53D25B6633}
	EndGlobalSection
EndGlobal
