
Microsoft Visual Studio Solution File, Format Version 12.00
# Visual Studio 15
VisualStudioVersion = 15.0.27130.2036
MinimumVisualStudioVersion = 10.0.40219.1
Project("{FAE04EC0-301F-11D3-BF4B-00C04F79EFBC}") = "CountTheMonkeys", "CountTheMonkeys\CountTheMonkeys.csproj", "{CFEB3A68-5854-4960-BC89-BE41CC2851A1}"
EndProject
Global
	GlobalSection(SolutionConfigurationPlatforms) = preSolution
		Debug|Any CPU = Debug|Any CPU
		Release|Any CPU = Release|Any CPU
	EndGlobalSection
	GlobalSection(ProjectConfigurationPlatforms) = postSolution
		{CFEB3A68-5854-4960-BC89-BE41CC2851A1}.Debug|Any CPU.ActiveCfg = Debug|Any CPU
		{CFEB3A68-5854-4960-BC89-BE41CC2851A1}.Debug|Any CPU.Build.0 = Debug|Any CPU
		{CFEB3A68-5854-4960-BC89-BE41CC2851A1}.Release|Any CPU.ActiveCfg = Release|Any CPU
		{CFEB3A68-5854-4960-BC89-BE41CC2851A1}.Release|Any CPU.Build.0 = Release|Any CPU
	EndGlobalSection
	GlobalSection(SolutionProperties) = preSolution
		HideSolutionNode = FALSE
	EndGlobalSection
	GlobalSection(ExtensibilityGlobals) = postSolution
		SolutionGuid = {6D91A403-11C8-437D-8E12-0D9A37865F2A}
	EndGlobalSection
EndGlobal
