
Microsoft Visual Studio Solution File, Format Version 12.00
# Visual Studio 15
VisualStudioVersion = 15.0.27703.2042
MinimumVisualStudioVersion = 10.0.40219.1
Project("{FAE04EC0-301F-11D3-BF4B-00C04F79EFBC}") = "AnimalShelter", "AnimalShelter\AnimalShelter.csproj", "{C16D4D74-12AD-43CD-A84D-147F60A1DBBD}"
EndProject
Global
	GlobalSection(SolutionConfigurationPlatforms) = preSolution
		Debug|Any CPU = Debug|Any CPU
		Release|Any CPU = Release|Any CPU
	EndGlobalSection
	GlobalSection(ProjectConfigurationPlatforms) = postSolution
		{C16D4D74-12AD-43CD-A84D-147F60A1DBBD}.Debug|Any CPU.ActiveCfg = Debug|Any CPU
		{C16D4D74-12AD-43CD-A84D-147F60A1DBBD}.Debug|Any CPU.Build.0 = Debug|Any CPU
		{C16D4D74-12AD-43CD-A84D-147F60A1DBBD}.Release|Any CPU.ActiveCfg = Release|Any CPU
		{C16D4D74-12AD-43CD-A84D-147F60A1DBBD}.Release|Any CPU.Build.0 = Release|Any CPU
	EndGlobalSection
	GlobalSection(SolutionProperties) = preSolution
		HideSolutionNode = FALSE
	EndGlobalSection
	GlobalSection(ExtensibilityGlobals) = postSolution
		SolutionGuid = {FCB5CA56-3AF1-4E68-A68E-B481AC03CB18}
	EndGlobalSection
EndGlobal
