
Microsoft Visual Studio Solution File, Format Version 12.00
# Visual Studio 15
VisualStudioVersion = 15.0.27130.2036
MinimumVisualStudioVersion = 10.0.40219.1
Project("{FAE04EC0-301F-11D3-BF4B-00C04F79EFBC}") = "FindTheParityOutlier", "FindTheParityOutlier\FindTheParityOutlier.csproj", "{8C1007EF-DE3E-4E7E-86DD-A2BD723333CE}"
EndProject
Global
	GlobalSection(SolutionConfigurationPlatforms) = preSolution
		Debug|Any CPU = Debug|Any CPU
		Release|Any CPU = Release|Any CPU
	EndGlobalSection
	GlobalSection(ProjectConfigurationPlatforms) = postSolution
		{8C1007EF-DE3E-4E7E-86DD-A2BD723333CE}.Debug|Any CPU.ActiveCfg = Debug|Any CPU
		{8C1007EF-DE3E-4E7E-86DD-A2BD723333CE}.Debug|Any CPU.Build.0 = Debug|Any CPU
		{8C1007EF-DE3E-4E7E-86DD-A2BD723333CE}.Release|Any CPU.ActiveCfg = Release|Any CPU
		{8C1007EF-DE3E-4E7E-86DD-A2BD723333CE}.Release|Any CPU.Build.0 = Release|Any CPU
	EndGlobalSection
	GlobalSection(SolutionProperties) = preSolution
		HideSolutionNode = FALSE
	EndGlobalSection
	GlobalSection(ExtensibilityGlobals) = postSolution
		SolutionGuid = {0B6D05D2-C39C-4B39-AE60-365FA3619EA4}
	EndGlobalSection
EndGlobal
