
Microsoft Visual Studio Solution File, Format Version 12.00
# Visual Studio 15
VisualStudioVersion = 15.0.27130.2036
MinimumVisualStudioVersion = 10.0.40219.1
Project("{FAE04EC0-301F-11D3-BF4B-00C04F79EFBC}") = "YourOrderPlease", "YourOrderPlease\YourOrderPlease.csproj", "{CDAB795C-6F43-4BBE-94A3-B42469EFDAE0}"
EndProject
Global
	GlobalSection(SolutionConfigurationPlatforms) = preSolution
		Debug|Any CPU = Debug|Any CPU
		Release|Any CPU = Release|Any CPU
	EndGlobalSection
	GlobalSection(ProjectConfigurationPlatforms) = postSolution
		{CDAB795C-6F43-4BBE-94A3-B42469EFDAE0}.Debug|Any CPU.ActiveCfg = Debug|Any CPU
		{CDAB795C-6F43-4BBE-94A3-B42469EFDAE0}.Debug|Any CPU.Build.0 = Debug|Any CPU
		{CDAB795C-6F43-4BBE-94A3-B42469EFDAE0}.Release|Any CPU.ActiveCfg = Release|Any CPU
		{CDAB795C-6F43-4BBE-94A3-B42469EFDAE0}.Release|Any CPU.Build.0 = Release|Any CPU
	EndGlobalSection
	GlobalSection(SolutionProperties) = preSolution
		HideSolutionNode = FALSE
	EndGlobalSection
	GlobalSection(ExtensibilityGlobals) = postSolution
		SolutionGuid = {29AF1228-09E7-4D6C-9BEB-F5C47D9FA031}
	EndGlobalSection
EndGlobal
