
Microsoft Visual Studio Solution File, Format Version 12.00
# Visual Studio 15
VisualStudioVersion = 15.0.27703.2042
MinimumVisualStudioVersion = 10.0.40219.1
Project("{FAE04EC0-301F-11D3-BF4B-00C04F79EFBC}") = "Partition", "Partition\Partition.csproj", "{2D66C298-4353-45EE-97B8-AF435F9B5F2A}"
EndProject
Global
	GlobalSection(SolutionConfigurationPlatforms) = preSolution
		Debug|Any CPU = Debug|Any CPU
		Release|Any CPU = Release|Any CPU
	EndGlobalSection
	GlobalSection(ProjectConfigurationPlatforms) = postSolution
		{2D66C298-4353-45EE-97B8-AF435F9B5F2A}.Debug|Any CPU.ActiveCfg = Debug|Any CPU
		{2D66C298-4353-45EE-97B8-AF435F9B5F2A}.Debug|Any CPU.Build.0 = Debug|Any CPU
		{2D66C298-4353-45EE-97B8-AF435F9B5F2A}.Release|Any CPU.ActiveCfg = Release|Any CPU
		{2D66C298-4353-45EE-97B8-AF435F9B5F2A}.Release|Any CPU.Build.0 = Release|Any CPU
	EndGlobalSection
	GlobalSection(SolutionProperties) = preSolution
		HideSolutionNode = FALSE
	EndGlobalSection
	GlobalSection(ExtensibilityGlobals) = postSolution
		SolutionGuid = {8064A202-5624-46F0-A07C-6BD4499B448B}
	EndGlobalSection
EndGlobal
